{
  "name": "encode-fe-commitlint-config111",
  "version": "0.1.0",
  "lockfileVersion": 2,
  "requires": true,
  "packages": {
    "": {
      "name": "encode-fe-commitlint-config111",
      "version": "0.1.0",
      "license": "ISC",
      "dependencies": {
        "conventional-changelog-conventionalcommits": "^4.5.0",
        "encode-fe-commitlint-config": "^0.1.0",
        "encode-fe-commitlint-config111": "file:"
      }
    },
    "../../node_modules/.pnpm/conventional-changelog-conventionalcommits@4.5.0/node_modules/conventional-changelog-conventionalcommits": {
      "version": "4.5.0",
      "license": "ISC",
      "dependencies": {
        "compare-func": "^2.0.0",
        "lodash": "^4.17.15",
        "q": "^1.5.1"
      },
      "engines": {
        "node": ">=10"
      }
    },
    "node_modules/conventional-changelog-conventionalcommits": {
      "resolved": "../../node_modules/.pnpm/conventional-changelog-conventionalcommits@4.5.0/node_modules/conventional-changelog-conventionalcommits",
      "link": true
    },
    "node_modules/encode-fe-commitlint-config": {
      "resolved": "",
      "link": true
    },
    "node_modules/encode-fe-commitlint-config111": {
      "resolved": "",
      "link": true
    }
  },
  "dependencies": {
    "conventional-changelog-conventionalcommits": {
      "version": "file:../../node_modules/.pnpm/conventional-changelog-conventionalcommits@4.5.0/node_modules/conventional-changelog-conventionalcommits",
      "requires": {
        "compare-func": "^2.0.0",
        "lodash": "^4.17.15",
        "q": "^1.5.1"
      }
    },
    "encode-fe-commitlint-config": {
      "version": "file:",
      "requires": {
        "conventional-changelog-conventionalcommits": "^4.5.0",
        "encode-fe-commitlint-config": "^0.1.0",
        "encode-fe-commitlint-config111": "file:"
      },
      "dependencies": {
        "conventional-changelog-conventionalcommits": {
          "version": "file:../../node_modules/.pnpm/conventional-changelog-conventionalcommits@4.5.0/node_modules/conventional-changelog-conventionalcommits",
          "requires": {
            "compare-func": "^2.0.0",
            "lodash": "^4.17.15",
            "q": "^1.5.1"
          }
        }
      }
    },
    "encode-fe-commitlint-config111": {
      "version": "file:",
      "requires": {
        "conventional-changelog-conventionalcommits": "^4.5.0",
        "encode-fe-commitlint-config": "^0.1.0",
        "encode-fe-commitlint-config111": "file:"
      },
      "dependencies": {
        "conventional-changelog-conventionalcommits": {
          "version": "file:../../node_modules/.pnpm/conventional-changelog-conventionalcommits@4.5.0/node_modules/conventional-changelog-conventionalcommits",
          "requires": {
            "compare-func": "^2.0.0",
            "lodash": "^4.17.15",
            "q": "^1.5.1"
          }
        }
      }
    }
  }
}
